Microsoft Visual Studio Solution File, Format Version 12.00
# Visual Studio Version 17
VisualStudioVersion = 17.5.2.0
MinimumVisualStudioVersion = 10.0.40219.1
Project("{FAE04EC0-301F-11D3-BF4B-00C04F79EFBC}") = "Velo", "Velo.csproj", "{B1BBF95D-B42E-4D6C-3347-B9D7D6E34ACA}"
EndProject
Global
	GlobalSection(SolutionConfigurationPlatforms) = preSolution
		Debug|Any CPU = Debug|Any CPU
		Release|Any CPU = Release|Any CPU
	EndGlobalSection
	GlobalSection(ProjectConfigurationPlatforms) = postSolution
		{B1BBF95D-B42E-4D6C-3347-B9D7D6E34ACA}.Debug|Any CPU.ActiveCfg = Debug|Any CPU
		{B1BBF95D-B42E-4D6C-3347-B9D7D6E34ACA}.Debug|Any CPU.Build.0 = Debug|Any CPU
		{B1BBF95D-B42E-4D6C-3347-B9D7D6E34ACA}.Release|Any CPU.ActiveCfg = Release|Any CPU
		{B1BBF95D-B42E-4D6C-3347-B9D7D6E34ACA}.Release|Any CPU.Build.0 = Release|Any CPU
	EndGlobalSection
	GlobalSection(SolutionProperties) = preSolution
		HideSolutionNode = FALSE
	EndGlobalSection
	GlobalSection(ExtensibilityGlobals) = postSolution
		SolutionGuid = {687C17D4-9D4F-4DBF-BC22-A37B06BB9954}
	EndGlobalSection
EndGlobal
